
Microsoft Visual Studio Solution File, Format Version 12.00
# Visual Studio Version 17
VisualStudioVersion = 17.9.34607.119
MinimumVisualStudioVersion = 10.0.40219.1
Project("{FAE04EC0-301F-11D3-BF4B-00C04F79EFBC}") = "Livraria", "Livraria.csproj", "{03C4DE2D-5577-410C-AAA9-1AFC5E036E7F}"
EndProject
Project("{FAE04EC0-301F-11D3-BF4B-00C04F79EFBC}") = "Livraria.Domain", "..\Livraria.Domain\Livraria.Domain.csproj", "{5F83AAE6-25FB-46F7-8FF8-1D59DB1BE841}"
EndProject
Project("{FAE04EC0-301F-11D3-BF4B-00C04F79EFBC}") = "Livraria.Application", "..\Livraria.Application\Livraria.Application.csproj", "{CF840ADE-0CF8-4050-8AF9-74EA8E4D8FD8}"
EndProject
Project("{FAE04EC0-301F-11D3-BF4B-00C04F79EFBC}") = "Livraria.Infrastructure", "..\Livraria.Infrastructure\Livraria.Infrastructure.csproj", "{8FC75262-D6D5-48EC-A74C-1D42D144A915}"
EndProject
Project("{FAE04EC0-301F-11D3-BF4B-00C04F79EFBC}") = "Livraria.CrossCutting", "..\Livraria.CrossCutting\Livraria.CrossCutting.csproj", "{C86DDDCC-2195-445E-BF5F-FDA684F12CF1}"
EndProject
Global
	GlobalSection(SolutionConfigurationPlatforms) = preSolution
		Debug|Any CPU = Debug|Any CPU
		Release|Any CPU = Release|Any CPU
	EndGlobalSection
	GlobalSection(ProjectConfigurationPlatforms) = postSolution
		{03C4DE2D-5577-410C-AAA9-1AFC5E036E7F}.Debug|Any CPU.ActiveCfg = Debug|Any CPU
		{03C4DE2D-5577-410C-AAA9-1AFC5E036E7F}.Debug|Any CPU.Build.0 = Debug|Any CPU
		{03C4DE2D-5577-410C-AAA9-1AFC5E036E7F}.Release|Any CPU.ActiveCfg = Release|Any CPU
		{03C4DE2D-5577-410C-AAA9-1AFC5E036E7F}.Release|Any CPU.Build.0 = Release|Any CPU
		{5F83AAE6-25FB-46F7-8FF8-1D59DB1BE841}.Debug|Any CPU.ActiveCfg = Debug|Any CPU
		{5F83AAE6-25FB-46F7-8FF8-1D59DB1BE841}.Debug|Any CPU.Build.0 = Debug|Any CPU
		{5F83AAE6-25FB-46F7-8FF8-1D59DB1BE841}.Release|Any CPU.ActiveCfg = Release|Any CPU
		{5F83AAE6-25FB-46F7-8FF8-1D59DB1BE841}.Release|Any CPU.Build.0 = Release|Any CPU
		{CF840ADE-0CF8-4050-8AF9-74EA8E4D8FD8}.Debug|Any CPU.ActiveCfg = Debug|Any CPU
		{CF840ADE-0CF8-4050-8AF9-74EA8E4D8FD8}.Debug|Any CPU.Build.0 = Debug|Any CPU
		{CF840ADE-0CF8-4050-8AF9-74EA8E4D8FD8}.Release|Any CPU.ActiveCfg = Release|Any CPU
		{CF840ADE-0CF8-4050-8AF9-74EA8E4D8FD8}.Release|Any CPU.Build.0 = Release|Any CPU
		{8FC75262-D6D5-48EC-A74C-1D42D144A915}.Debug|Any CPU.ActiveCfg = Debug|Any CPU
		{8FC75262-D6D5-48EC-A74C-1D42D144A915}.Debug|Any CPU.Build.0 = Debug|Any CPU
		{8FC75262-D6D5-48EC-A74C-1D42D144A915}.Release|Any CPU.ActiveCfg = Release|Any CPU
		{8FC75262-D6D5-48EC-A74C-1D42D144A915}.Release|Any CPU.Build.0 = Release|Any CPU
		{C86DDDCC-2195-445E-BF5F-FDA684F12CF1}.Debug|Any CPU.ActiveCfg = Debug|Any CPU
		{C86DDDCC-2195-445E-BF5F-FDA684F12CF1}.Debug|Any CPU.Build.0 = Debug|Any CPU
		{C86DDDCC-2195-445E-BF5F-FDA684F12CF1}.Release|Any CPU.ActiveCfg = Release|Any CPU
		{C86DDDCC-2195-445E-BF5F-FDA684F12CF1}.Release|Any CPU.Build.0 = Release|Any CPU
	EndGlobalSection
	GlobalSection(SolutionProperties) = preSolution
		HideSolutionNode = FALSE
	EndGlobalSection
	GlobalSection(ExtensibilityGlobals) = postSolution
		SolutionGuid = {6D4BBDE9-A9C8-4E69-9C76-9B89CA2D4758}
	EndGlobalSection
EndGlobal
